dependencies:
  '@types/express': 4.17.11
  '@types/http-proxy': 1.17.5
  http-proxy-middleware: 1.0.6
  node-fetch: 2.6.1
  postcss: 8.2.6
  redaxios: 0.4.1
  svelte-windicss-preprocess: 2.1.3
devDependencies:
  '@snowpack/plugin-typescript': 1.2.1_typescript@4.1.5
  '@sveltejs/adapter-static': 1.0.0-next.2
  '@sveltejs/kit': 1.0.0-next.34
  '@sveltejs/snowpack-config': 1.0.0-next.3_ac7224b11abbfefda0abe0a3616090b3
  autoprefixer: 10.2.4_postcss@8.2.6
  prettier: 2.2.1
  prettier-plugin-svelte: 2.1.6_prettier@2.2.1+svelte@3.32.3
  svelte: 3.32.3
  svelte-preprocess: 4.6.9_ac7224b11abbfefda0abe0a3616090b3
  tailwindcss: 2.0.3_759587f5361760629983e9fe457a3aed
  tslib: 2.1.0
  typescript: 4.1.5
lockfileVersion: 5.2
packages:
  /@babel/code-frame/7.12.13:
    dependencies:
      '@babel/highlight': 7.12.13
    dev: true
    resolution:
      integrity: sha512-HV1Cm0Q3ZrpCR93tkWOYiuYIgLxZXZFVG2VgK+MBWjUqZTundupbfx2aXarXuw5Ko5aMcjtJgbSs4vUGBS5v6g==
  /@babel/helper-validator-identifier/7.12.11:
    dev: true
    resolution:
      integrity: sha512-np/lG3uARFybkoHokJUmf1QfEvRVCPbmQeUQpKow5cQ3xWrV9i3rUHodKDJPQfTVX61qKi+UdYk8kik84n7XOw==
  /@babel/highlight/7.12.13:
    dependencies:
      '@babel/helper-validator-identifier': 7.12.11
      chalk: 2.4.2
      js-tokens: 4.0.0
    dev: true
    resolution:
      integrity: sha512-kocDQvIbgMKlWxXe9fof3TQ+gkIPOUSEYhJjqUjvKMez3krV7vbzYCDq39Oj11UAVK7JqPVGQPlgE85dPNlQww==
  /@fullhuman/postcss-purgecss/3.1.3:
    dependencies:
      purgecss: 3.1.3
    dev: true
    resolution:
      integrity: sha512-kwOXw8fZ0Lt1QmeOOrd+o4Ibvp4UTEBFQbzvWldjlKv5n+G9sXfIPn1hh63IQIL8K8vbvv1oYMJiIUbuy9bGaA==
  /@snowpack/plugin-svelte/3.5.2_ac7224b11abbfefda0abe0a3616090b3:
    dependencies:
      rollup-plugin-svelte: 7.1.0_svelte@3.32.3
      svelte: 3.32.3
      svelte-hmr: 0.12.6_svelte@3.32.3
      svelte-preprocess: 4.6.9_ac7224b11abbfefda0abe0a3616090b3
    dev: true
    peerDependencies:
      postcss: '*'
      svelte: ^3.21.0
      typescript: '*'
    resolution:
      integrity: sha512-i7OhkIRNt1uJ/y3qpowlU7icjtSgFPIl/GjMmBxhtwoIqHAnowFLh1Ur5G6S36GCFo65ymClnYfEIM/2x1+wPQ==
  /@snowpack/plugin-typescript/1.2.1_typescript@4.1.5:
    dependencies:
      execa: 5.0.0
      npm-run-path: 4.0.1
      typescript: 4.1.5
    dev: true
    peerDependencies:
      typescript: '*'
    resolution:
      integrity: sha512-wU+JNaMVkqGsqTaUY7TnEMhGt/3URTgA9dpMCtZX6wn/ceA7Gwlmue/sOLynf0OTNLygHPvjiQECQYkEi3LTtg==
  /@sveltejs/adapter-static/1.0.0-next.2:
    dev: true
    resolution:
      integrity: sha512-05MdCVpI8vJgEk4f0uNg5Xd3pjd/DZ83jl8UQ6fOmE9Fwou3RNspJJuueWeDUHmbY7tlqxI2ge3yMMqO5/KdUg==
  /@sveltejs/kit/1.0.0-next.34:
    dependencies:
      cheap-watch: 1.0.3
      http-proxy: 1.18.1
      rollup: 2.39.0
      rollup-plugin-css-chunks: 2.0.2_rollup@2.39.0
      rollup-plugin-terser: 7.0.2_rollup@2.39.0
      sade: 1.7.4
      scorta: 1.0.0
      snowpack: 3.0.11
      source-map: 0.7.3
    dev: true
    hasBin: true
    resolution:
      integrity: sha512-J8jGIsQjCQK0GFiQAYm+kES5GtsAbPdRffK7hWIgv+R2mIBjp4IJf749v98h3DNwQfMz9q1DZhWjTUC04PIilg==
  /@sveltejs/snowpack-config/1.0.0-next.3_ac7224b11abbfefda0abe0a3616090b3:
    dependencies:
      '@snowpack/plugin-svelte': 3.5.2_ac7224b11abbfefda0abe0a3616090b3
    dev: true
    peerDependencies:
      postcss: '*'
      svelte: '*'
      typescript: '*'
    resolution:
      integrity: sha512-ML2rZTkZG1iV0qKk1H2rwt1Th2ifhD2wxQs4DTYOb61xQY57Y41tKfo0Lzf4IYjRKd4CgbvLsXwSw4NkftDl3A==
  /@types/body-parser/1.19.0:
    dependencies:
      '@types/connect': 3.4.34
      '@types/node': 14.14.31
    dev: false
    resolution:
      integrity: sha512-W98JrE0j2K78swW4ukqMleo8R7h/pFETjM2DQ90MF6XK2i4LO4W3gQ71Lt4w3bfm2EvVSyWHplECvB5sK22yFQ==
  /@types/connect/3.4.34:
    dependencies:
      '@types/node': 14.14.31
    dev: false
    resolution:
      integrity: sha512-ePPA/JuI+X0vb+gSWlPKOY0NdNAie/rPUqX2GUPpbZwiKTkSPhjXWuee47E4MtE54QVzGCQMQkAL6JhV2E1+cQ==
  /@types/express-serve-static-core/4.17.18:
    dependencies:
      '@types/node': 14.14.31
      '@types/qs': 6.9.5
      '@types/range-parser': 1.2.3
    dev: false
    resolution:
      integrity: sha512-m4JTwx5RUBNZvky/JJ8swEJPKFd8si08pPF2PfizYjGZOKr/svUWPcoUmLow6MmPzhasphB7gSTINY67xn3JNA==
  /@types/express/4.17.11:
    dependencies:
      '@types/body-parser': 1.19.0
      '@types/express-serve-static-core': 4.17.18
      '@types/qs': 6.9.5
      '@types/serve-static': 1.13.9
    dev: false
    resolution:
      integrity: sha512-no+R6rW60JEc59977wIxreQVsIEOAYwgCqldrA/vkpCnbD7MqTefO97lmoBe4WE0F156bC4uLSP1XHDOySnChg==
  /@types/http-proxy/1.17.5:
    dependencies:
      '@types/node': 14.14.31
    dev: false
    resolution:
      integrity: sha512-GNkDE7bTv6Sf8JbV2GksknKOsk7OznNYHSdrtvPJXO0qJ9odZig6IZKUi5RFGi6d1bf6dgIAe4uXi3DBc7069Q==
  /@types/mime/1.3.2:
    dev: false
    resolution:
      integrity: sha512-YATxVxgRqNH6nHEIsvg6k2Boc1JHI9ZbH5iWFFv/MTkchz3b1ieGDa5T0a9RznNdI0KhVbdbWSN+KWWrQZRxTw==
  /@types/node/14.14.31:
    resolution:
      integrity: sha512-vFHy/ezP5qI0rFgJ7aQnjDXwAMrG0KqqIH7tQG5PPv3BWBayOPIQNBjVc/P6hhdZfMx51REc6tfDNXHUio893g==
  /@types/pug/2.0.4:
    dev: true
    resolution:
      integrity: sha1-h3L80EGOPNLMFxVV1zAHQVBR9LI=
  /@types/qs/6.9.5:
    dev: false
    resolution:
      integrity: sha512-/JHkVHtx/REVG0VVToGRGH2+23hsYLHdyG+GrvoUGlGAd0ErauXDyvHtRI/7H7mzLm+tBCKA7pfcpkQ1lf58iQ==
  /@types/range-parser/1.2.3:
    dev: false
    resolution:
      integrity: sha512-ewFXqrQHlFsgc09MK5jP5iR7vumV/BYayNC6PgJO2LPe8vrnNFyjQjSppfEngITi0qvfKtzFvgKymGheFM9UOA==
  /@types/sass/1.16.0:
    dependencies:
      '@types/node': 14.14.31
    dev: true
    resolution:
      integrity: sha512-2XZovu4NwcqmtZtsBR5XYLw18T8cBCnU2USFHTnYLLHz9fkhnoEMoDsqShJIOFsFhn5aJHjweiUUdTrDGujegA==
  /@types/serve-static/1.13.9:
    dependencies:
      '@types/mime': 1.3.2
      '@types/node': 14.14.31
    dev: false
    resolution:
      integrity: sha512-ZFqF6qa48XsPdjXV5Gsz0Zqmux2PerNd3a/ktL45mHpa19cuMi/cL8tcxdAx497yRh+QtYPuofjT9oWw9P7nkA==
  /acorn-node/1.8.2:
    dependencies:
      acorn: 7.4.1
      acorn-walk: 7.2.0
      xtend: 4.0.2
    dev: true
    resolution:
      integrity: sha512-8mt+fslDufLYntIoPAaIMUe/lrbrehIiwmR3t2k9LljIzoigEPF27eLk2hy8zSGzmR/ogr7zbRKINMo1u0yh5A==
  /acorn-walk/7.2.0:
    dev: true
    engines:
      node: '>=0.4.0'
    resolution:
      integrity: sha512-OPdCF6GsMIP+Az+aWfAAOEt2/+iVDKE7oy6lJ098aoe59oAmK76qV6Gw60SbZ8jHuG2wH058GF4pLFbYamYrVA==
  /acorn/7.4.1:
    dev: true
    engines:
      node: '>=0.4.0'
    hasBin: true
    resolution:
      integrity: sha512-nQyp0o1/mNdbTO1PO6kHkwSrmgZ0MT/jCCpNiwbUjGoRN4dlBhqJtoQuCnEOKzgTVwg0ZWiCoQy6SxMebQVh8A==
  /ansi-styles/3.2.1:
    dependencies:
      color-convert: 1.9.3
    dev: true
    engines:
      node: '>=4'
    resolution:
      integrity: sha512-VT0ZI6kZRdTh8YyJw3SMbYm/u+NqfsAxEpWO0Pf9sq8/e94WxxOpPKx9FR1FlyCtOVDNOQ+8ntlqFxiRc+r5qA==
  /ansi-styles/4.3.0:
    dependencies:
      color-convert: 2.0.1
    dev: true
    engines:
      node: '>=8'
    resolution:
      integrity: sha512-zbB9rCJAT1rbjiVDb2hqKFHNYLxgtk8NURxZ3IZwD3F6NtxbXZQCnnSi1Lkx+IDohdPlFp222wVALIheZJQSEg==
  /at-least-node/1.0.0:
    dev: true
    engines:
      node: '>= 4.0.0'
    resolution:
      integrity: sha512-+q/t7Ekv1EDY2l6Gda6LLiX14rU9TV20Wa3ofeQmwPFZbOMo9DXrLbOjFaaclkXKWidIaopwAObQDqwWtGUjqg==
  /autoprefixer/10.2.4_postcss@8.2.6:
    dependencies:
      browserslist: 4.16.3
      caniuse-lite: 1.0.30001190
      colorette: 1.2.1
      fraction.js: 4.0.13
      normalize-range: 0.1.2
      postcss: 8.2.6
      postcss-value-parser: 4.1.0
    dev: true
    engines:
      node: ^10 || ^12 || >=14
    hasBin: true
    peerDependencies:
      postcss: ^8.1.0
    resolution:
      integrity: sha512-DCCdUQiMD+P/as8m3XkeTUkUKuuRqLGcwD0nll7wevhqoJfMRpJlkFd1+MQh1pvupjiQuip42lc/VFvfUTMSKw==
  /balanced-match/1.0.0:
    dev: true
    resolution:
      integrity: sha1-ibTRmasr7kneFk6gK4nORi1xt2c=
  /brace-expansion/1.1.11:
    dependencies:
      balanced-match: 1.0.0
      concat-map: 0.0.1
    dev: true
    resolution:
      integrity: sha512-iCuPHDFgrHX7H2vEI/5xpz07zSHB00TpugqhmYtVmMO6518mCuRMoOYFldEBl0g187ufozdaHgWKcYFb61qGiA==
  /braces/3.0.2:
    dependencies:
      fill-range: 7.0.1
    dev: false
    engines:
      node: '>=8'
    resolution:
      integrity: sha512-b8um+L1RzM3WDSzvhm6gIz1yfTbBt6YTlcEKAvsmqCZZFw46z626lVj9j1yEPW33H5H+lBQpZMP1k8l+78Ha0A==
  /browserslist/4.16.3:
    dependencies:
      caniuse-lite: 1.0.30001190
      colorette: 1.2.1
      electron-to-chromium: 1.3.671
      escalade: 3.1.1
      node-releases: 1.1.70
    dev: true
    engines:
      node: ^6 || ^7 || ^8 || ^9 || ^10 || ^11 || ^12 || >=13.7
    hasBin: true
    resolution:
      integrity: sha512-vIyhWmIkULaq04Gt93txdh+j02yX/JzlyhLYbV3YQCn/zvES3JnY7TifHHvvr1w5hTDluNKMkV05cs4vy8Q7sw==
  /buffer-from/1.1.1:
    dev: true
    resolution:
      integrity: sha512-MQcXEUbCKtEo7bhqEs6560Hyd4XaovZlO/k9V3hjVUF/zwW7KBVdSK4gIt/bzwS9MbR5qob+F5jusZsb0YQK2A==
  /bytes/3.1.0:
    dev: true
    engines:
      node: '>= 0.8'
    resolution:
      integrity: sha512-zauLjrfCG+xvoyaqLoV8bLVXXNGC4JqlxFCutSDWA6fJrTo2ZuvLYTqZ7aHBLZSMOopbzwv8f+wZcVzfVTI2Dg==
  /camelcase-css/2.0.1:
    dev: true
    engines:
      node: '>= 6'
    resolution:
      integrity: sha512-QOSvevhslijgYwRx6Rv7zKdMF8lbRmx+uQGx2+vDc+KI/eBnsy9kit5aj23AgGu3pa4t9AgwbnXWqS+iOY+2aA==
  /caniuse-lite/1.0.30001190:
    dev: true
    resolution:
      integrity: sha512-62KVw474IK8E+bACBYhRS0/L6o/1oeAVkpF2WetjV58S5vkzNh0/Rz3lD8D4YCbOTqi0/aD4X3LtoP7V5xnuAg==
  /chalk/2.4.2:
    dependencies:
      ansi-styles: 3.2.1
      escape-string-regexp: 1.0.5
      supports-color: 5.5.0
    dev: true
    engines:
      node: '>=4'
    resolution:
      integrity: sha512-Mti+f9lpJNcwF4tWV8/OrTTtF1gZi+f8FqlyAdouralcFWFQWF2+NgCHShjkCb+IFBLq9buZwE1xckQU4peSuQ==
  /chalk/4.1.0:
    dependencies:
      ansi-styles: 4.3.0
      supports-color: 7.2.0
    dev: true
    engines:
      node: '>=10'
    resolution:
      integrity: sha512-qwx12AxXe2Q5xQ43Ac//I6v5aXTipYrSESdOgzrN+9XjgEpyjpKuvSGaN4qE93f7TQTlerQQ8S+EQ0EyDoVL1A==
  /cheap-watch/1.0.3:
    dev: true
    engines:
      node: '>=8'
    resolution:
      integrity: sha512-xC5CruMhLzjPwJ5ecUxGu1uGmwJQykUhqd2QrCrYbwvsFYdRyviu6jG9+pccwDXJR/OpmOTOJ9yLFunVgQu9wg==
  /color-convert/1.9.3:
    dependencies:
      color-name: 1.1.3
    dev: true
    resolution:
      integrity: sha512-QfAUtd+vFdAtFQcC8CCyYt1fYWxSqAiK2cSD6zDB8N3cpsEBAvRxp9zOGg6G/SHHJYAT88/az/IuDGALsNVbGg==
  /color-convert/2.0.1:
    dependencies:
      color-name: 1.1.4
    dev: true
    engines:
      node: '>=7.0.0'
    resolution:
      integrity: sha512-RRECPsj7iu/xb5oKYcsFHSppFNnsj/52OVTRKb4zP5onXwVF3zVmmToNcOfGC+CRDpfK/U584fMg38ZHCaElKQ==
  /color-name/1.1.3:
    dev: true
    resolution:
      integrity: sha1-p9BVi9icQveV3UIyj3QIMcpTvCU=
  /color-name/1.1.4:
    dev: true
    resolution:
      integrity: sha512-dOy+3AuW3a2wNbZHIuMZpTcgjGuLU/uBL/ubcZF9OXbDo8ff4O8yVp5Bf0efS8uEoYo5q4Fx7dY9OgQGXgAsQA==
  /color-string/1.5.4:
    dependencies:
      color-name: 1.1.4
      simple-swizzle: 0.2.2
    dev: true
    resolution:
      integrity: sha512-57yF5yt8Xa3czSEW1jfQDE79Idk0+AkN/4KWad6tbdxUmAs3MvjxlWSWD4deYytcRfoZ9nhKyFl1kj5tBvidbw==
  /color/3.1.3:
    dependencies:
      color-convert: 1.9.3
      color-string: 1.5.4
    dev: true
    resolution:
      integrity: sha512-xgXAcTHa2HeFCGLE9Xs/R82hujGtu9Jd9x4NW3T34+OMs7VoPsjwzRczKHvTAHeJwWFwX5j15+MgAppE8ztObQ==
  /colorette/1.2.1:
    resolution:
      integrity: sha512-puCDz0CzydiSYOrnXpz/PKd69zRrribezjtE9yd4zvytoRc8+RY/KJPvtPFKZS3E3wP6neGyMe0vOTlHO5L3Pw==
  /commander/2.20.3:
    dev: true
    resolution:
      integrity: sha512-GpVkmM8vF2vQUkj2LvZmD35JxeJOLCwJ9cUkugyk2nuhbv3+mJvpLYYt+0+USMxE+oj+ey/lJEnhZw75x/OMcQ==
  /commander/6.2.1:
    dev: true
    engines:
      node: '>= 6'
    resolution:
      integrity: sha512-U7VdrJFnJgo4xjrHpTzu0yrHPGImdsmD95ZlgYSEajAn2JKzDhDTPG9kBTefmObL2w/ngeZnilk+OV9CG3d7UA==
  /concat-map/0.0.1:
    dev: true
    resolution:
      integrity: sha1-2Klr13/Wjfd5OnMDajug1UBdR3s=
  /cross-spawn/7.0.3:
    dependencies:
      path-key: 3.1.1
      shebang-command: 2.0.0
      which: 2.0.2
    dev: true
    engines:
      node: '>= 8'
    resolution:
      integrity: sha512-iRDPJKUPVEND7dHPO8rkbOnPpyDygcDFtWjpeWNCgy8WP2rXcxXL8TskReQl6OrB2G7+UJrags1q15Fudc7G6w==
  /css-unit-converter/1.1.2:
    dev: true
    resolution:
      integrity: sha512-IiJwMC8rdZE0+xiEZHeru6YoONC4rfPMqGm2W85jMIbkFvv5nFTwJVFHam2eFrN6txmoUYFAFXiv8ICVeTO0MA==
  /cssesc/3.0.0:
    dev: true
    engines:
      node: '>=4'
    hasBin: true
    resolution:
      integrity: sha512-/Tb/JcjK111nNScGob5MNtsntNM1aCNUDipB/TkwZFhyDrrE47SOx/18wF2bbjgc3ZzCSKW1T5nt5EbFoAz/Vg==
  /defined/1.0.0:
    dev: true
    resolution:
      integrity: sha1-yY2bzvdWdBiOEQlpFRGZ45sfppM=
  /detect-indent/6.0.0:
    dev: true
    engines:
      node: '>=8'
    resolution:
      integrity: sha512-oSyFlqaTHCItVRGK5RmrmjB+CmaMOW7IaNA/kdxqhoa6d17j/5ce9O9eWXmV/KEdRwqpQA+Vqe8a8Bsybu4YnA==
  /detective/5.2.0:
    dependencies:
      acorn-node: 1.8.2
      defined: 1.0.0
      minimist: 1.2.5
    dev: true
    engines:
      node: '>=0.8.0'
    hasBin: true
    resolution:
      integrity: sha512-6SsIx+nUUbuK0EthKjv0zrdnajCCXVYGmbYYiYjFVpzcjwEs/JMDZ8tPRG29J/HhN56t3GJp2cGSWDRjjot8Pg==
  /didyoumean/1.2.1:
    dev: true
    resolution:
      integrity: sha1-6S7f2tplN9SE1zwBcv0eugxJdv8=
  /electron-to-chromium/1.3.671:
    dev: true
    resolution:
      integrity: sha512-RTD97QkdrJKaKwRv9h/wGAaoR2lGxNXEcBXS31vjitgTPwTWAbLdS7cEsBK68eEQy7p6YyT8D5BxBEYHu2SuwQ==
  /esbuild/0.8.50:
    dev: true
    hasBin: true
    requiresBuild: true
    resolution:
      integrity: sha512-oidFLXssA7IccYzkqLVZSqNJDwDq8Mh/vqvrW+3fPWM7iUiC5O2bCllhnO8+K9LlyL/2Z6n+WwRJAz9fqSIVRg==
  /escalade/3.1.1:
    dev: true
    engines:
      node: '>=6'
    resolution:
      integrity: sha512-k0er2gUkLf8O0zKJiAhmkTnJlTvINGv7ygDNPbeIsX/TJjGJZHuh9B2UxbsaEkmlEo9MfhrSzmhIlhRlI2GXnw==
  /escape-string-regexp/1.0.5:
    dev: true
    engines:
      node: '>=0.8.0'
    resolution:
      integrity: sha1-G2HAViGQqN/2rjuyzwIAyhMLhtQ=
  /estree-walker/0.6.1:
    dev: true
    resolution:
      integrity: sha512-SqmZANLWS0mnatqbSfRP5g8OXZC12Fgg1IwNtLsyHDzJizORW4khDfjPqJZsemPWBB2uqykUah5YpQ6epsqC/w==
  /eventemitter3/4.0.7:
    resolution:
      integrity: sha512-8guHBZCwKnFhYdHr2ysuRWErTwhoN2X8XELRlrRwpmfeY2jjuUN4taQMsULKUVo1K4DvZl+0pgfyoysHxvmvEw==
  /execa/5.0.0:
    dependencies:
      cross-spawn: 7.0.3
      get-stream: 6.0.0
      human-signals: 2.1.0
      is-stream: 2.0.0
      merge-stream: 2.0.0
      npm-run-path: 4.0.1
      onetime: 5.1.2
      signal-exit: 3.0.3
      strip-final-newline: 2.0.0
    dev: true
    engines:
      node: '>=10'
    resolution:
      integrity: sha512-ov6w/2LCiuyO4RLYGdpFGjkcs0wMTgGE8PrkTHikeUy5iJekXyPIKUjifk5CsE0pt7sMCrMZ3YNqoCj6idQOnQ==
  /fill-range/7.0.1:
    dependencies:
      to-regex-range: 5.0.1
    dev: false
    engines:
      node: '>=8'
    resolution:
      integrity: sha512-qOo9F+dMUmC2Lcb4BbVvnKJxTPjCm+RRpe4gDuGrzkL7mEVl/djYSu2OdQ2Pa302N4oqkSg9ir6jaLWJ2USVpQ==
  /follow-redirects/1.13.2:
    engines:
      node: '>=4.0'
    peerDependencies:
      debug: '*'
    peerDependenciesMeta:
      debug:
        optional: true
    resolution:
      integrity: sha512-6mPTgLxYm3r6Bkkg0vNM0HTjfGrOEtsfbhagQvbxDEsEkpNhw582upBaoRZylzen6krEmxXJgt9Ju6HiI4O7BA==
  /fraction.js/4.0.13:
    dev: true
    resolution:
      integrity: sha512-E1fz2Xs9ltlUp+qbiyx9wmt2n9dRzPsS11Jtdb8D2o+cC7wr9xkkKsVKJuBX0ST+LVS+LhLO+SbLJNtfWcJvXA==
  /fs-extra/9.1.0:
    dependencies:
      at-least-node: 1.0.0
      graceful-fs: 4.2.6
      jsonfile: 6.1.0
      universalify: 2.0.0
    dev: true
    engines:
      node: '>=10'
    resolution:
      integrity: sha512-hcg3ZmepS30/7BSFqRvoo3DOMQu7IjqxO5nCDt+zM9XWjb33Wg7ziNT+Qvqbuc3+gWpzO02JubVyk2G4Zvo1OQ==
  /fs.realpath/1.0.0:
    dev: true
    resolution:
      integrity: sha1-FQStJSMVjKpA20onh8sBQRmU6k8=
  /fsevents/2.3.2:
    dev: true
    engines:
      node: ^8.16.0 || ^10.6.0 || >=11.0.0
    optional: true
    os:
      - darwin
    resolution:
      integrity: sha512-xiqMQR4xAeHTuB9uWm+fFRcIOgKBMiOBP+eXiyT7jsgVCq1bkVygt00oASowB7EdtpOHaaPgKt812P9ab+DDKA==
  /function-bind/1.1.1:
    dev: true
    resolution:
      integrity: sha512-yIovAzMX49sF8Yl58fSCWJ5svSLuaibPxXQJFLmBObTuCr0Mf1KiPopGM9NiFjiYBCbfaa2Fh6breQ6ANVTI0A==
  /get-stream/6.0.0:
    dev: true
    engines:
      node: '>=10'
    resolution:
      integrity: sha512-A1B3Bh1UmL0bidM/YX2NsCOTnGJePL9rO/M+Mw3m9f2gUpfokS0hi5Eah0WSUEWZdZhIZtMjkIYS7mDfOqNHbg==
  /glob/7.1.6:
    dependencies:
      fs.realpath: 1.0.0
      inflight: 1.0.6
      inherits: 2.0.4
      minimatch: 3.0.4
      once: 1.4.0
      path-is-absolute: 1.0.1
    dev: true
    resolution:
      integrity: sha512-LwaxwyZ72Lk7vZINtNNrywX0ZuLyStrdDtabefZKAY5ZGJhVtgdznluResxNmPitE0SAO+O26sWTHeKSI2wMBA==
  /graceful-fs/4.2.6:
    dev: true
    resolution:
      integrity: sha512-nTnJ528pbqxYanhpDYsi4Rd8MAeaBA67+RZ10CM1m3bTAVFEDcd5AuA4a6W5YkGZ1iNXHzZz8T6TBKLeBuNriQ==
  /has-flag/3.0.0:
    dev: true
    engines:
      node: '>=4'
    resolution:
      integrity: sha1-tdRU3CGZriJWmfNGfloH87lVuv0=
  /has-flag/4.0.0:
    dev: true
    engines:
      node: '>=8'
    resolution:
      integrity: sha512-EykJT/Q1KjTWctppgIAgfSO0tKVuZUjhgMr17kqTumMl6Afv3EISleU7qZUzoXDFTAHTDC4NOoG/ZxU3EvlMPQ==
  /has/1.0.3:
    dependencies:
      function-bind: 1.1.1
    dev: true
    engines:
      node: '>= 0.4.0'
    resolution:
      integrity: sha512-f2dvO0VU6Oej7RkWJGrehjbzMAjFp5/VKPp5tTpWIV4JHHZK1/BxbFRtf/siA2SWTe09caDmVtYYzWEIbBS4zw==
  /html-tags/3.1.0:
    dev: true
    engines:
      node: '>=8'
    resolution:
      integrity: sha512-1qYz89hW3lFDEazhjW0yVAV87lw8lVkrJocr72XmBkMKsoSVJCQx3W8BXsC7hO2qAt8BoVjYjtAcZ9perqGnNg==
  /http-proxy-middleware/1.0.6:
    dependencies:
      '@types/http-proxy': 1.17.5
      http-proxy: 1.18.1
      is-glob: 4.0.1
      lodash: 4.17.21
      micromatch: 4.0.2
    dev: false
    engines:
      node: '>=8.0.0'
    resolution:
      integrity: sha512-NyL6ZB6cVni7pl+/IT2W0ni5ME00xR0sN27AQZZrpKn1b+qRh+mLbBxIq9Cq1oGfmTc7BUq4HB77mxwCaxAYNg==
  /http-proxy/1.18.1:
    dependencies:
      eventemitter3: 4.0.7
      follow-redirects: 1.13.2
      requires-port: 1.0.0
    engines:
      node: '>=8.0.0'
    resolution:
      integrity: sha512-7mz/721AbnJwIVbnaSv1Cz3Am0ZLT/UBwkC92VlxhXv/k/BBQfM2fXElQNC27BVGr0uwUpplYPQM9LnaBMR5NQ==
  /human-signals/2.1.0:
    dev: true
    engines:
      node: '>=10.17.0'
    resolution:
      integrity: sha512-B4FFZ6q/T2jhhksgkbEW3HBvWIfDW85snkQgawt07S7J5QXTk6BkNV+0yAeZrM5QpMAdYlocGoljn0sJ/WQkFw==
  /indexes-of/1.0.1:
    dev: true
    resolution:
      integrity: sha1-8w9xbI4r00bHtn0985FVZqfAVgc=
  /inflight/1.0.6:
    dependencies:
      once: 1.4.0
      wrappy: 1.0.2
    dev: true
    resolution:
      integrity: sha1-Sb1jMdfQLQwJvJEKEHW6gWW1bfk=
  /inherits/2.0.4:
    dev: true
    resolution:
      integrity: sha512-k/vGaX4/Yla3WzyMCvTQOXYeIHvqOKtnqBduzTHpzpQZzAskKMhZ2K+EnBiSM9zGSoIFeMpXKxa4dYeZIQqewQ==
  /is-arrayish/0.3.2:
    dev: true
    resolution:
      integrity: sha512-eVRqCvVlZbuw3GrM63ovNSNAeA1K16kaR/LRY/92w0zxQ5/1YzwblUX652i4Xs9RwAGjW9d9y6X88t8OaAJfWQ==
  /is-core-module/2.2.0:
    dependencies:
      has: 1.0.3
    dev: true
    resolution:
      integrity: sha512-XRAfAdyyY5F5cOXn7hYQDqh2Xmii+DEfIcQGxK/uNwMHhIkPWO0g8msXcbzLe+MpGoR951MlqM/2iIlU4vKDdQ==
  /is-docker/2.1.1:
    dev: true
    engines:
      node: '>=8'
    hasBin: true
    resolution:
      integrity: sha512-ZOoqiXfEwtGknTiuDEy8pN2CfE3TxMHprvNer1mXiqwkOT77Rw3YVrUQ52EqAOU3QAWDQ+bQdx7HJzrv7LS2Hw==
  /is-extglob/2.1.1:
    dev: false
    engines:
      node: '>=0.10.0'
    resolution:
      integrity: sha1-qIwCU1eR8C7TfHahueqXc8gz+MI=
  /is-glob/4.0.1:
    dependencies:
      is-extglob: 2.1.1
    dev: false
    engines:
      node: '>=0.10.0'
    resolution:
      integrity: sha512-5G0tKtBTFImOqDnLB2hG6Bp2qcKEFduo4tZu9MT/H6NQv/ghhy30o55ufafxJ/LdH79LLs2Kfrn85TLKyA7BUg==
  /is-number/7.0.0:
    dev: false
    engines:
      node: '>=0.12.0'
    resolution:
      integrity: sha512-41Cifkg6e8TylSpdtTpeLVMqvSBEVzTttHvERD741+pnZ8ANv0004MRL43QKPDlK9cGvNp6NZWZUBlbGXYxxng==
  /is-stream/2.0.0:
    dev: true
    engines:
      node: '>=8'
    resolution:
      integrity: sha512-XCoy+WlUr7d1+Z8GgSuXmpuUFC9fOhRXglJMx+dwLKTkL44Cjd4W1Z5P+BQZpr+cR93aGP4S/s7Ftw6Nd/kiEw==
  /is-wsl/2.2.0:
    dependencies:
      is-docker: 2.1.1
    dev: true
    engines:
      node: '>=8'
    resolution:
      integrity: sha512-fKzAra0rGJUUBwGBgNkHZuToZcn+TtXHpeCgmkMJMMYx1sQDYaCSyjJBSCa2nH1DGm7s3n1oBnohoVTBaN7Lww==
  /isexe/2.0.0:
    dev: true
    resolution:
      integrity: sha1-6PvzdNxVb/iUehDcsFctYz8s+hA=
  /jest-worker/26.6.2:
    dependencies:
      '@types/node': 14.14.31
      merge-stream: 2.0.0
      supports-color: 7.2.0
    dev: true
    engines:
      node: '>= 10.13.0'
    resolution:
      integrity: sha512-KWYVV1c4i+jbMpaBC+U++4Va0cp8OisU185o73T1vo99hqi7w8tSJfUXYswwqqrjzwxa6KpRK54WhPvwf5w6PQ==
  /js-tokens/4.0.0:
    dev: true
    resolution:
      integrity: sha512-RdJUflcE3cUzKiMqQgsCu06FPu9UdIJO0beYbPhHN4k6apgJtifcoCtT9bcxOpYBtpD2kCM6Sbzg4CausW/PKQ==
  /jsonfile/6.1.0:
    dependencies:
      universalify: 2.0.0
    dev: true
    optionalDependencies:
      graceful-fs: 4.2.6
    resolution:
      integrity: sha512-5dgndWOriYSm5cnYaJNhalLNDKOqFwyDB/rr1E9ZsGciGvKPs8R2xYGCacuf3z6K1YKDz182fd+fY3cn3pMqXQ==
  /lodash.toarray/4.4.0:
    dev: true
    resolution:
      integrity: sha1-JMS/zWsvuji/0FlNsRedjptlZWE=
  /lodash/4.17.21:
    resolution:
      integrity: sha512-v2kDEe57lecTulaDIuNTPy3Ry4gLGJ6Z1O3vE1krgXZNrsQ+LFTGHVxVjcXPs17LhbZVGedAJv8XZ1tvj5FvSg==
  /magic-string/0.25.7:
    dependencies:
      sourcemap-codec: 1.4.8
    dev: false
    resolution:
      integrity: sha512-4CrMT5DOHTDk4HYDlzmwu4FVCcIYI8gauveasrdCu2IKIFOJ3f0v/8MDGJCDL9oD2ppz/Av1b0Nj345H9M+XIA==
  /merge-stream/2.0.0:
    dev: true
    resolution:
      integrity: sha512-abv/qOcuPfk3URPfDzmZU1LKmuw8kT+0nIHvKrKgFrwifol/doWcdA4ZqsWQ8ENrFKkd67Mfpo/LovbIUsbt3w==
  /micromatch/4.0.2:
    dependencies:
      braces: 3.0.2
      picomatch: 2.2.2
    dev: false
    engines:
      node: '>=8'
    resolution:
      integrity: sha512-y7FpHSbMUMoyPbYUSzO6PaZ6FyRnQOpHuKwbo1G+Knck95XVU4QAiKdGEnj5wwoS7PlOgthX/09u5iFJ+aYf5Q==
  /mimic-fn/2.1.0:
    dev: true
    engines:
      node: '>=6'
    resolution:
      integrity: sha512-OqbOk5oEQeAZ8WXWydlu9HJjz9WVdEIvamMCcXmuqUYjTknH/sqsWvhQ3vgwKFRR1HpjvNBKQ37nbJgYzGqGcg==
  /min-indent/1.0.1:
    dev: true
    engines:
      node: '>=4'
    resolution:
      integrity: sha512-I9jwMn07Sy/IwOj3zVkVik2JTvgpaykDZEigL6Rx6N9LbMywwUSMtxET+7lVoDLLd3O3IXwJwvuuns8UB/HeAg==
  /minimatch/3.0.4:
    dependencies:
      brace-expansion: 1.1.11
    dev: true
    resolution:
      integrity: sha512-yJHVQEhyqPLUTgt9B83PXu6W3rx4MvvHvSUvToogpwoGDOUQ+yDrR0HRot+yOCdCO7u4hX3pWft6kWBBcqh0UA==
  /minimist/1.2.5:
    dev: true
    resolution:
      integrity: sha512-FM9nNUYrRBAELZQT3xeZQ7fmMOBg6nWNmJKTcgsJeaLstP/UODVpGsr5OhXhhXg6f+qtJ8uiZ+PUxkDWcgIXLw==
  /modern-normalize/1.0.0:
    dev: true
    engines:
      node: '>=6'
    resolution:
      integrity: sha512-1lM+BMLGuDfsdwf3rsgBSrxJwAZHFIrQ8YR61xIqdHo0uNKI9M52wNpHSrliZATJp51On6JD0AfRxd4YGSU0lw==
  /mri/1.1.6:
    dev: true
    engines:
      node: '>=4'
    resolution:
      integrity: sha512-oi1b3MfbyGa7FJMP9GmLTttni5JoICpYBRlq+x5V16fZbLsnL9N3wFqqIm/nIG43FjUFkFh9Epzp/kzUGUnJxQ==
  /nanoid/3.1.20:
    engines:
      node: ^10 || ^12 || ^13.7 || ^14 || >=15.0.1
    hasBin: true
    resolution:
      integrity: sha512-a1cQNyczgKbLX9jwbS/+d7W8fX/RfgYR7lVWwWOGIPNgK2m0MWvrGF6/m4kk6U3QcFMnZf3RIhL0v2Jgh/0Uxw==
  /node-emoji/1.10.0:
    dependencies:
      lodash.toarray: 4.4.0
    dev: true
    resolution:
      integrity: sha512-Yt3384If5H6BYGVHiHwTL+99OzJKHhgp82S8/dktEK73T26BazdgZ4JZh92xSVtGNJvz9UbXdNAc5hcrXV42vw==
  /node-fetch/2.6.1:
    dev: false
    engines:
      node: 4.x || >=6.0.0
    resolution:
      integrity: sha512-V4aYg89jEoVRxRb2fJdAg8FHvI7cEyYdVAh94HH0UIK8oJxUfkjlDQN9RbMx+bEjP7+ggMiFRprSti032Oipxw==
  /node-releases/1.1.70:
    dev: true
    resolution:
      integrity: sha512-Slf2s69+2/uAD79pVVQo8uSiC34+g8GWY8UH2Qtqv34ZfhYrxpYpfzs9Js9d6O0mbDmALuxaTlplnBTnSELcrw==
  /normalize-range/0.1.2:
    dev: true
    engines:
      node: '>=0.10.0'
    resolution:
      integrity: sha1-LRDAa9/TEuqXd2laTShDlFa3WUI=
  /npm-run-path/4.0.1:
    dependencies:
      path-key: 3.1.1
    dev: true
    engines:
      node: '>=8'
    resolution:
      integrity: sha512-S48WzZW777zhNIrn7gxOlISNAqi9ZC/uQFnRdbeIHhZhCA6UqpkOT8T1G7BvfdgP4Er8gF4sUbaS0i7QvIfCWw==
  /object-assign/4.1.1:
    dev: true
    engines:
      node: '>=0.10.0'
    resolution:
      integrity: sha1-IQmtx5ZYh8/AXLvUQsrIv7s2CGM=
  /object-hash/2.1.1:
    dev: true
    engines:
      node: '>= 6'
    resolution:
      integrity: sha512-VOJmgmS+7wvXf8CjbQmimtCnEx3IAoLxI3fp2fbWehxrWBcAQFbk+vcwb6vzR0VZv/eNCJ/27j151ZTwqW/JeQ==
  /once/1.4.0:
    dependencies:
      wrappy: 1.0.2
    dev: true
    resolution:
      integrity: sha1-WDsap3WWHUsROsF9nFC6753Xa9E=
  /onetime/5.1.2:
    dependencies:
      mimic-fn: 2.1.0
    dev: true
    engines:
      node: '>=6'
    resolution:
      integrity: sha512-kbpaSSGJTWdAY5KPVeMOKXSrPtr8C8C7wodJbcsd51jRnmD+GZu8Y0VoU6Dm5Z4vWr0Ig/1NKuWRKf7j5aaYSg==
  /open/7.4.2:
    dependencies:
      is-docker: 2.1.1
      is-wsl: 2.2.0
    dev: true
    engines:
      node: '>=8'
    resolution:
      integrity: sha512-MVHddDVweXZF3awtlAS+6pgKLlm/JgxZ90+/NBurBoQctVOOB/zDdVjcyPzQ+0laDGbsWgrRkflI65sQeOgT9Q==
  /path-is-absolute/1.0.1:
    dev: true
    engines:
      node: '>=0.10.0'
    resolution:
      integrity: sha1-F0uSaHNVNP+8es5r9TpanhtcX18=
  /path-key/3.1.1:
    dev: true
    engines:
      node: '>=8'
    resolution:
      integrity: sha512-ojmeN0qd+y0jszEtoY48r0Peq5dwMEkIlCOu6Q5f41lfkswXuKtYrhgoTpLnyIcHm24Uhqx+5Tqm2InSwLhE6Q==
  /path-parse/1.0.6:
    dev: true
    resolution:
      integrity: sha512-GSmOT2EbHrINBf9SR7CDELwlJ8AENk3Qn7OikK4nFYAu3Ote2+JYNVvkpAEQm3/TLNEJFD/xZJjzyxg3KBWOzw==
  /picomatch/2.2.2:
    dev: false
    engines:
      node: '>=8.6'
    resolution:
      integrity: sha512-q0M/9eZHzmr0AulXyPwNfZjtwZ/RBZlbN3K3CErVrk50T2ASYI7Bye0EvekFY3IP1Nt2DHu0re+V2ZHIpMkuWg==
  /postcss-functions/3.0.0:
    dependencies:
      glob: 7.1.6
      object-assign: 4.1.1
      postcss: 6.0.23
      postcss-value-parser: 3.3.1
    dev: true
    resolution:
      integrity: sha1-DpTQFERwCkgd4g3k1V+yZAVkJQ4=
  /postcss-js/3.0.3:
    dependencies:
      camelcase-css: 2.0.1
      postcss: 8.2.6
    dev: true
    engines:
      node: '>=10.0'
    resolution:
      integrity: sha512-gWnoWQXKFw65Hk/mi2+WTQTHdPD5UJdDXZmX073EY/B3BWnYjO4F4t0VneTCnCGQ5E5GsCdMkzPaTXwl3r5dJw==
  /postcss-nested/5.0.3_postcss@8.2.6:
    dependencies:
      postcss: 8.2.6
      postcss-selector-parser: 6.0.4
    dev: true
    engines:
      node: '>=10.0'
    peerDependencies:
      postcss: ^8.1.13
    resolution:
      integrity: sha512-R2LHPw+u5hFfDgJG748KpGbJyTv7Yr33/2tIMWxquYuHTd9EXu27PYnKi7BxMXLtzKC0a0WVsqHtd7qIluQu/g==
  /postcss-selector-parser/6.0.4:
    dependencies:
      cssesc: 3.0.0
      indexes-of: 1.0.1
      uniq: 1.0.1
      util-deprecate: 1.0.2
    dev: true
    engines:
      node: '>=4'
    resolution:
      integrity: sha512-gjMeXBempyInaBqpp8gODmwZ52WaYsVOsfr4L4lDQ7n3ncD6mEyySiDtgzCT+NYC0mmeOLvtsF8iaEf0YT6dBw==
  /postcss-value-parser/3.3.1:
    dev: true
    resolution:
      integrity: sha512-pISE66AbVkp4fDQ7VHBwRNXzAAKJjw4Vw7nWI/+Q3vuly7SNfgYXvm6i5IgFylHGK5sP/xHAbB7N49OS4gWNyQ==
  /postcss-value-parser/4.1.0:
    dev: true
    resolution:
      integrity: sha512-97DXOFbQJhk71ne5/Mt6cOu6yxsSfM0QGQyl0L25Gca4yGWEGJaig7l7gbCX623VqTBNGLRLaVUCnNkcedlRSQ==
  /postcss/6.0.23:
    dependencies:
      chalk: 2.4.2
      source-map: 0.6.1
      supports-color: 5.5.0
    dev: true
    engines:
      node: '>=4.0.0'
    resolution:
      integrity: sha512-soOk1h6J3VMTZtVeVpv15/Hpdl2cBLX3CAw4TAbkpTJiNPk9YP/zWcD1ND+xEtvyuuvKzbxliTOIyvkSeSJ6ag==
  /postcss/8.2.6:
    dependencies:
      colorette: 1.2.1
      nanoid: 3.1.20
      source-map: 0.6.1
    engines:
      node: ^10 || ^12 || >=14
    resolution:
      integrity: sha512-xpB8qYxgPuly166AGlpRjUdEYtmOWx2iCwGmrv4vqZL9YPVviDVPZPRXxnXr6xPZOdxQ9lp3ZBFCRgWJ7LE3Sg==
  /prettier-plugin-svelte/2.1.6_prettier@2.2.1+svelte@3.32.3:
    dependencies:
      prettier: 2.2.1
      svelte: 3.32.3
    dev: true
    peerDependencies:
      prettier: ^1.16.4 || ^2.0.0
      svelte: ^3.2.0
    resolution:
      integrity: sha512-eg6MhH394IYsljIcLMgCx/wozObkUFZJ1GkH+Nj8sZQilnNCFTeSBcEohBaNa9hr5RExvlJQJ8a2CEjMMrwL8g==
  /prettier/2.2.1:
    dev: true
    engines:
      node: '>=10.13.0'
    hasBin: true
    resolution:
      integrity: sha512-PqyhM2yCjg/oKkFPtTGUojv7gnZAoG80ttl45O6x2Ug/rMJw4wcc9k6aaf2hibP7BGVCCM33gZoGjyvt9mm16Q==
  /pretty-hrtime/1.0.3:
    dev: true
    engines:
      node: '>= 0.8'
    resolution:
      integrity: sha1-t+PqQkNaTJsnWdmeDyAesZWALuE=
  /purgecss/3.1.3:
    dependencies:
      commander: 6.2.1
      glob: 7.1.6
      postcss: 8.2.6
      postcss-selector-parser: 6.0.4
    dev: true
    hasBin: true
    resolution:
      integrity: sha512-hRSLN9mguJ2lzlIQtW4qmPS2kh6oMnA9RxdIYK8sz18QYqd6ePp4GNDl18oWHA1f2v2NEQIh51CO8s/E3YGckQ==
  /randombytes/2.1.0:
    dependencies:
      safe-buffer: 5.2.1
    dev: true
    resolution:
      integrity: sha512-vYl3iOX+4CKUWuxGi9Ukhie6fsqXqS9FE2Zaic4tNFD2N2QQaXOMFbuKK4QmDHC0JO6B1Zp41J0LpT0oR68amQ==
  /redaxios/0.4.1:
    dev: false
    resolution:
      integrity: sha512-+Jhh1j8/H0KBro+Hih/MrDEJ1PICaU10JA6iu5b3+uvgRI+5n2M7qpMNXq7eC/0fspP0tTq49ONXlGWFdRoNLg==
  /reduce-css-calc/2.1.8:
    dependencies:
      css-unit-converter: 1.1.2
      postcss-value-parser: 3.3.1
    dev: true
    resolution:
      integrity: sha512-8liAVezDmUcH+tdzoEGrhfbGcP7nOV4NkGE3a74+qqvE7nt9i4sKLGBuZNOnpI4WiGksiNPklZxva80061QiPg==
  /require-relative/0.8.7:
    dev: true
    resolution:
      integrity: sha1-eZlTn8ngR6N5KPoZb44VY9q9Nt4=
  /requires-port/1.0.0:
    resolution:
      integrity: sha1-kl0mAdOaxIXgkc8NpcbmlNw9yv8=
  /resolve/1.20.0:
    dependencies:
      is-core-module: 2.2.0
      path-parse: 1.0.6
    dev: true
    resolution:
      integrity: sha512-wENBPt4ySzg4ybFQW2TT1zMQucPK95HSh/nq2CFTZVOGut2+pQvSsgtda4d26YrYcr067wjbmzOG8byDPBX63A==
  /rollup-plugin-css-chunks/2.0.2_rollup@2.39.0:
    dependencies:
      rollup: 2.39.0
      rollup-pluginutils: 2.8.2
      sourcemap-codec: 1.4.8
      url-join: 4.0.1
    dev: true
    peerDependencies:
      rollup: '>=2.29.0'
    resolution:
      integrity: sha512-Cg/J6ZGPOWgMeGqqdp7fxnmDMr3Y+9V3fJekaFqWp+ceLr7l14Ua3FYtKJ/+m/DnSYYs009PrCt2pitOjYwWxw==
  /rollup-plugin-svelte/7.1.0_svelte@3.32.3:
    dependencies:
      require-relative: 0.8.7
      rollup-pluginutils: 2.8.2
      svelte: 3.32.3
    dev: true
    engines:
      node: '>=10'
    peerDependencies:
      rollup: '>=2.0.0'
      svelte: '>=3.5.0'
    resolution:
      integrity: sha512-vopCUq3G+25sKjwF5VilIbiY6KCuMNHP1PFvx2Vr3REBNMDllKHFZN2B9jwwC+MqNc3UPKkjXnceLPEjTjXGXg==
  /rollup-plugin-terser/7.0.2_rollup@2.39.0:
    dependencies:
      '@babel/code-frame': 7.12.13
      jest-worker: 26.6.2
      rollup: 2.39.0
      serialize-javascript: 4.0.0
      terser: 5.6.0
    dev: true
    peerDependencies:
      rollup: ^2.0.0
    resolution:
      integrity: sha512-w3iIaU4OxcF52UUXiZNsNeuXIMDvFrr+ZXK6bFZ0Q60qyVfq4uLptoS4bbq3paG3x216eQllFZX7zt6TIImguQ==
  /rollup-pluginutils/2.8.2:
    dependencies:
      estree-walker: 0.6.1
    dev: true
    resolution:
      integrity: sha512-EEp9NhnUkwY8aif6bxgovPHMoMoNr2FulJziTndpt5H9RdwC47GSGuII9XxpSdzVGM0GWrNPHV6ie1LTNJPaLQ==
  /rollup/2.39.0:
    dev: true
    engines:
      node: '>=10.0.0'
    hasBin: true
    optionalDependencies:
      fsevents: 2.3.2
    resolution:
      integrity: sha512-+WR3bttcq7zE+BntH09UxaW3bQo3vItuYeLsyk4dL2tuwbeSKJuvwiawyhEnvRdRgrII0Uzk00FpctHO/zB1kw==
  /sade/1.7.4:
    dependencies:
      mri: 1.1.6
    dev: true
    engines:
      node: '>= 6'
    resolution:
      integrity: sha512-y5yauMD93rX840MwUJr7C1ysLFBgMspsdTo4UVrDg3fXDvtwOyIqykhVAAm6fk/3au77773itJStObgK+LKaiA==
  /safe-buffer/5.2.1:
    dev: true
    resolution:
      integrity: sha512-rp3So07KcdmmKbGvgaNxQSJr7bGVSVk5S9Eq1F+ppbRo70+YeaDxkw5Dd8NPN+GD6bjnYm2VuPuCXmpuYvmCXQ==
  /scorta/1.0.0:
    dependencies:
      escalade: 3.1.1
    dev: true
    engines:
      node: '>=6'
    resolution:
      integrity: sha512-q6qyZNQEeJopoG5eWMVb92qeeKVRaThhaDwlyhu7V2MAROZjD0BJyGaNnf4d+QJcaJu+Mv72RqEB+BZVo+ONCA==
  /serialize-javascript/4.0.0:
    dependencies:
      randombytes: 2.1.0
    dev: true
    resolution:
      integrity: sha512-GaNA54380uFefWghODBWEGisLZFj00nS5ACs6yHa9nLqlLpVLO8ChDGeKRjZnV4Nh4n0Qi7nhYZD/9fCPzEqkw==
  /shebang-command/2.0.0:
    dependencies:
      shebang-regex: 3.0.0
    dev: true
    engines:
      node: '>=8'
    resolution:
      integrity: sha512-kHxr2zZpYtdmrN1qDjrrX/Z1rR1kG8Dx+gkpK1G4eXmvXswmcE1hTWBWYUzlraYw1/yZp6YuDY77YtvbN0dmDA==
  /shebang-regex/3.0.0:
    dev: true
    engines:
      node: '>=8'
    resolution:
      integrity: sha512-7++dFhtcx3353uBaq8DDR4NuxBetBzC7ZQOhmTQInHEd6bSrXdiEyzCvG07Z44UYdLShWUyXt5M/yhz8ekcb1A==
  /signal-exit/3.0.3:
    dev: true
    resolution:
      integrity: sha512-VUJ49FC8U1OxwZLxIbTTrDvLnf/6TDgxZcK8wxR8zs13xpx7xbG60ndBlhNrFi2EMuFRoeDoJO7wthSLq42EjA==
  /simple-swizzle/0.2.2:
    dependencies:
      is-arrayish: 0.3.2
    dev: true
    resolution:
      integrity: sha1-pNprY1/8zMoz9w0Xy5JZLeleVXo=
  /snowpack/3.0.11:
    dependencies:
      esbuild: 0.8.50
      open: 7.4.2
      rollup: 2.39.0
    dev: true
    engines:
      node: '>=10.19.0'
    hasBin: true
    optionalDependencies:
      fsevents: 2.3.2
    resolution:
      integrity: sha512-lBxgkvWTgdg0szE31JUt01wQkA9Lnmm+6lxqeV9rxDfflpx7ASnldVHFvu7Se70QJmPTQB0UJjfKI+xmYGwiiQ==
  /source-map-support/0.5.19:
    dependencies:
      buffer-from: 1.1.1
      source-map: 0.6.1
    dev: true
    resolution:
      integrity: sha512-Wonm7zOCIJzBGQdB+thsPar0kYuCIzYvxZwlBa87yi/Mdjv7Tip2cyVbLj5o0cFPN4EVkuTwb3GDDyUx2DGnGw==
  /source-map/0.6.1:
    engines:
      node: '>=0.10.0'
    resolution:
      integrity: sha512-UjgapumWlbMhkBgzT7Ykc5YXUT46F0iKu8SGXq0bcwP5dz/h0Plj6enJqjz1Zbq2l5WaqYnrVbwWOWMyF3F47g==
  /source-map/0.7.3:
    dev: true
    engines:
      node: '>= 8'
    resolution:
      integrity: sha512-CkCj6giN3S+n9qrYiBTX5gystlENnRW5jZeNLHpe6aue+SrHcG5VYwujhW9s4dY31mEGsxBDrHR6oI69fTXsaQ==
  /sourcemap-codec/1.4.8:
    resolution:
      integrity: sha512-9NykojV5Uih4lgo5So5dtw+f0JgJX30KCNI8gwhz2J9A15wD0Ml6tjHKwf6fTSa6fAdVBdZeNOs9eJ71qCk8vA==
  /strip-final-newline/2.0.0:
    dev: true
    engines:
      node: '>=6'
    resolution:
      integrity: sha512-BrpvfNAE3dcvq7ll3xVumzjKjZQ5tI1sEUIKr3Uoks0XUl45St3FlatVqef9prk4jRDzhW6WZg+3bk93y6pLjA==
  /strip-indent/3.0.0:
    dependencies:
      min-indent: 1.0.1
    dev: true
    engines:
      node: '>=8'
    resolution:
      integrity: sha512-laJTa3Jb+VQpaC6DseHhF7dXVqHTfJPCRDaEbid/drOhgitgYku/letMUqOXFoWV0zIIUbjpdH2t+tYj4bQMRQ==
  /supports-color/5.5.0:
    dependencies:
      has-flag: 3.0.0
    dev: true
    engines:
      node: '>=4'
    resolution:
      integrity: sha512-QjVjwdXIt408MIiAqCX4oUKsgU2EqAGzs2Ppkm4aQYbjm+ZEWEcW4SfFNTr4uMNZma0ey4f5lgLrkB0aX0QMow==
  /supports-color/7.2.0:
    dependencies:
      has-flag: 4.0.0
    dev: true
    engines:
      node: '>=8'
    resolution:
      integrity: sha512-qpCAvRl9stuOHveKsn7HncJRvv501qIacKzQlO/+Lwxc9+0q2wLyv4Dfvt80/DPn2pqOBsJdDiogXGR9+OvwRw==
  /svelte-hmr/0.12.6_svelte@3.32.3:
    dependencies:
      svelte: 3.32.3
    dev: true
    peerDependencies:
      svelte: '>=3.19.0'
    resolution:
      integrity: sha512-q08BjoUSbwXpKo9ij6aym93jBrt7K8eutLwix5Y9cuSFLS5djxumOoUVsSzDkdKssLlg5X//Kg/0MWHHBeQRTg==
  /svelte-preprocess/4.6.9_ac7224b11abbfefda0abe0a3616090b3:
    dependencies:
      '@types/pug': 2.0.4
      '@types/sass': 1.16.0
      detect-indent: 6.0.0
      postcss: 8.2.6
      strip-indent: 3.0.0
      svelte: 3.32.3
      typescript: 4.1.5
    dev: true
    engines:
      node: '>= 9.11.2'
    peerDependencies:
      '@babel/core': ^7.10.2
      coffeescript: ^2.5.1
      less: ^3.11.3
      node-sass: '*'
      postcss: ^7 || ^8
      postcss-load-config: ^2.1.0 || ^3.0.0
      pug: ^3.0.0
      sass: ^1.26.8
      stylus: ^0.54.7
      sugarss: ^2.0.0
      svelte: ^3.23.0
      typescript: ^3.9.5 || ^4.0.0
    peerDependenciesMeta:
      '@babel/core':
        optional: true
      coffeescript:
        optional: true
      less:
        optional: true
      node-sass:
        optional: true
      postcss:
        optional: true
      postcss-load-config:
        optional: true
      pug:
        optional: true
      sass:
        optional: true
      stylus:
        optional: true
      sugarss:
        optional: true
      typescript:
        optional: true
    requiresBuild: true
    resolution:
      integrity: sha512-SROWH0rB0DJ+0Ii264cprmNu/NJyZacs5wFD71ya93Cg/oA2lKHgQm4F6j0EWA4ktFMzeuJJm/eX6fka39hEHA==
  /svelte-windicss-preprocess/2.1.3:
    dependencies:
      magic-string: 0.25.7
      windicss: 2.1.16
    dev: false
    resolution:
      integrity: sha512-JoP9jqC/U7qR/5c5T9np4Yn2IWpMPxmGwRT6JJH9dlnij0p8gHtiZV9i4rclKJctn/8JlVxlHM+k4t0m8U15EA==
  /svelte/3.32.3:
    dev: true
    engines:
      node: '>= 8'
    resolution:
      integrity: sha512-5etu/wDwtewhnYO/631KKTjSmFrKohFLWNm1sWErVHXqGZ8eJLqrW0qivDSyYTcN8GbUqsR4LkIhftNFsjNehg==
  /tailwindcss/2.0.3_759587f5361760629983e9fe457a3aed:
    dependencies:
      '@fullhuman/postcss-purgecss': 3.1.3
      autoprefixer: 10.2.4_postcss@8.2.6
      bytes: 3.1.0
      chalk: 4.1.0
      color: 3.1.3
      detective: 5.2.0
      didyoumean: 1.2.1
      fs-extra: 9.1.0
      html-tags: 3.1.0
      lodash: 4.17.21
      modern-normalize: 1.0.0
      node-emoji: 1.10.0
      object-hash: 2.1.1
      postcss: 8.2.6
      postcss-functions: 3.0.0
      postcss-js: 3.0.3
      postcss-nested: 5.0.3_postcss@8.2.6
      postcss-selector-parser: 6.0.4
      postcss-value-parser: 4.1.0
      pretty-hrtime: 1.0.3
      reduce-css-calc: 2.1.8
      resolve: 1.20.0
    dev: true
    engines:
      node: '>=12.13.0'
    hasBin: true
    peerDependencies:
      autoprefixer: ^10.0.2
      postcss: ^8.0.9
    resolution:
      integrity: sha512-s8NEqdLBiVbbdL0a5XwTb8jKmIonOuI4RMENEcKLR61jw6SdKvBss7NWZzwCaD+ZIjlgmesv8tmrjXEp7C0eAQ==
  /terser/5.6.0:
    dependencies:
      commander: 2.20.3
      source-map: 0.7.3
      source-map-support: 0.5.19
    dev: true
    engines:
      node: '>=10'
    hasBin: true
    resolution:
      integrity: sha512-vyqLMoqadC1uR0vywqOZzriDYzgEkNJFK4q9GeyOBHIbiECHiWLKcWfbQWAUaPfxkjDhapSlZB9f7fkMrvkVjA==
  /to-regex-range/5.0.1:
    dependencies:
      is-number: 7.0.0
    dev: false
    engines:
      node: '>=8.0'
    resolution:
      integrity: sha512-65P7iz6X5yEr1cwcgvQxbbIw7Uk3gOy5dIdtZ4rDveLqhrdJP+Li/Hx6tyK0NEb+2GCyneCMJiGqrADCSNk8sQ==
  /tslib/2.1.0:
    dev: true
    resolution:
      integrity: sha512-hcVC3wYEziELGGmEEXue7D75zbwIIVUMWAVbHItGPx0ziyXxrOMQx4rQEVEV45Ut/1IotuEvwqPopzIOkDMf0A==
  /typescript/4.1.5:
    dev: true
    engines:
      node: '>=4.2.0'
    hasBin: true
    resolution:
      integrity: sha512-6OSu9PTIzmn9TCDiovULTnET6BgXtDYL4Gg4szY+cGsc3JP1dQL8qvE8kShTRx1NIw4Q9IBHlwODjkjWEtMUyA==
  /uniq/1.0.1:
    dev: true
    resolution:
      integrity: sha1-sxxa6CVIRKOoKBVBzisEuGWnNP8=
  /universalify/2.0.0:
    dev: true
    engines:
      node: '>= 10.0.0'
    resolution:
      integrity: sha512-hAZsKq7Yy11Zu1DE0OzWjw7nnLZmJZYTDZZyEFHZdUhV8FkH5MCfoU1XMaxXovpyW5nq5scPqq0ZDP9Zyl04oQ==
  /url-join/4.0.1:
    dev: true
    resolution:
      integrity: sha512-jk1+QP6ZJqyOiuEI9AEWQfju/nB2Pw466kbA0LEZljHwKeMgd9WrAEgEGxjPDD2+TNbbb37rTyhEfrCXfuKXnA==
  /util-deprecate/1.0.2:
    dev: true
    resolution:
      integrity: sha1-RQ1Nyfpw3nMnYvvS1KKJgUGaDM8=
  /which/2.0.2:
    dependencies:
      isexe: 2.0.0
    dev: true
    engines:
      node: '>= 8'
    hasBin: true
    resolution:
      integrity: sha512-BLI3Tl1TW3Pvl70l3yq3Y64i+awpwXqsGBYWkkqMtnbXgrMD+yj7rhW0kuEDxzJaYXGjEW5ogapKNMEKNMjibA==
  /windicss/2.1.16:
    dev: false
    engines:
      node: '>= 12'
    hasBin: true
    resolution:
      integrity: sha512-nhKsjdLe8Tkf9oYFh+ZuNxo1N7PVQeRlbjePF+3F87Ti4/TD+EPH4TvAlepDMpQaDo0HqPD6h0oyTLp2ZZDhVQ==
  /wrappy/1.0.2:
    dev: true
    resolution:
      integrity: sha1-tSQ9jz7BqjXxNkYFvA0QNuMKtp8=
  /xtend/4.0.2:
    dev: true
    engines:
      node: '>=0.4'
    resolution:
      integrity: sha512-LKYU1iAXJXUgAXn9URjiu+MWhyUXHsvfp7mcuYm9dSUKK0/CjtrUwFAxD82/mCWbtLsGjFIad0wIsod4zrTAEQ==
specifiers:
  '@snowpack/plugin-typescript': 1.2.1
  '@sveltejs/adapter-static': ^1.0.0-next.2
  '@sveltejs/kit': ^1.0.0-next.34
  '@sveltejs/snowpack-config': ^1.0.0-next.3
  '@types/express': 4.17.11
  '@types/http-proxy': 1.17.5
  autoprefixer: 10.2.4
  http-proxy-middleware: 1.0.6
  node-fetch: ^2.6.1
  postcss: 8.2.6
  prettier: 2.2.1
  prettier-plugin-svelte: 2.1.6
  redaxios: ^0.4.1
  svelte: 3.32.3
  svelte-preprocess: 4.6.9
  svelte-windicss-preprocess: 2.1.3
  tailwindcss: 2.0.3
  tslib: 2.1.0
  typescript: 4.1.5
